{
  "nodes": {
    "nixpkgs": {
      "locked": {
        "lastModified": 1701386440,
        "narHash": "sha256-xI0uQ9E7JbmEy/v8kR9ZQan6389rHug+zOtZeZFiDJk=",
        "owner": "NixOS",
        "repo": "nixpkgs",
        "rev": "293822e55ec1872f715a66d0eda9e592dc14419f",
        "type": "github"
      },
      "original": {
        "owner": "NixOS",
        "ref": "release-23.11",
        "repo": "nixpkgs",
        "type": "github"
      }
    },
    "root": {
      "inputs": {
        "nixpkgs": "nixpkgs"
      }
    }
  },
  "root": "root",
  "version": 7
}
