{
  "nodes": {
    "nixpkgs": {
      "locked": {
        "lastModified": 1701392950,
        "narHash": "sha256-jhmBuNeLq5p3VqZj+JC/c1+zHRnKTeMDIUwjlpctlso=",
        "owner": "NixOS",
        "repo": "nixpkgs",
        "rev": "54c8a156500d5c9b44294e1dab9bd930073721fb",
        "type": "github"
      },
      "original": {
        "owner": "NixOS",
        "repo": "nixpkgs",
        "type": "github"
      }
    },
    "root": {
      "inputs": {
        "nixpkgs": "nixpkgs"
      }
    }
  },
  "root": "root",
  "version": 7
}
